
Microsoft Visual Studio Solution File, Format Version 12.00
# Visual Studio Version 16
VisualStudioVersion = 16.0.31424.327
MinimumVisualStudioVersion = 10.0.40219.1
Project("{9A19103F-16F7-4668-BE54-9A1E7A4F7556}") = "DirectInputExplorer", "DirectInputExplorer\DirectInputExplorer.csproj", "{C045612E-8916-4504-9AE4-BD7E84E9CFCC}"
EndProject
Global
	GlobalSection(SolutionConfigurationPlatforms) = preSolution
		Debug|Any CPU = Debug|Any CPU
		Release|Any CPU = Release|Any CPU
	EndGlobalSection
	GlobalSection(ProjectConfigurationPlatforms) = postSolution
		{C045612E-8916-4504-9AE4-BD7E84E9CFCC}.Debug|Any CPU.ActiveCfg = Debug|Any CPU
		{C045612E-8916-4504-9AE4-BD7E84E9CFCC}.Debug|Any CPU.Build.0 = Debug|Any CPU
		{C045612E-8916-4504-9AE4-BD7E84E9CFCC}.Release|Any CPU.ActiveCfg = Release|Any CPU
		{C045612E-8916-4504-9AE4-BD7E84E9CFCC}.Release|Any CPU.Build.0 = Release|Any CPU
	EndGlobalSection
	GlobalSection(SolutionProperties) = preSolution
		HideSolutionNode = FALSE
	EndGlobalSection
	GlobalSection(ExtensibilityGlobals) = postSolution
		SolutionGuid = {476854A2-391C-407E-BF93-EF947614F527}
	EndGlobalSection
EndGlobal
